
Microsoft Visual Studio Solution File, Format Version 12.00
# Visual Studio Version 16
VisualStudioVersion = 16.0.29306.81
MinimumVisualStudioVersion = 10.0.40219.1
Project("{8BC9CEB8-8B4A-11D0-8D11-00A0C91BC942}") = "BJ_10799", "BJ_10799\BJ_10799.vcxproj", "{53B90580-918B-45ED-9E5F-AC6692E8D09D}"
EndProject
Global
	GlobalSection(SolutionConfigurationPlatforms) = preSolution
		Debug|x64 = Debug|x64
		Debug|x86 = Debug|x86
		Release|x64 = Release|x64
		Release|x86 = Release|x86
	EndGlobalSection
	GlobalSection(ProjectConfigurationPlatforms) = postSolution
		{53B90580-918B-45ED-9E5F-AC6692E8D09D}.Debug|x64.ActiveCfg = Debug|x64
		{53B90580-918B-45ED-9E5F-AC6692E8D09D}.Debug|x64.Build.0 = Debug|x64
		{53B90580-918B-45ED-9E5F-AC6692E8D09D}.Debug|x86.ActiveCfg = Debug|Win32
		{53B90580-918B-45ED-9E5F-AC6692E8D09D}.Debug|x86.Build.0 = Debug|Win32
		{53B90580-918B-45ED-9E5F-AC6692E8D09D}.Release|x64.ActiveCfg = Release|x64
		{53B90580-918B-45ED-9E5F-AC6692E8D09D}.Release|x64.Build.0 = Release|x64
		{53B90580-918B-45ED-9E5F-AC6692E8D09D}.Release|x86.ActiveCfg = Release|Win32
		{53B90580-918B-45ED-9E5F-AC6692E8D09D}.Release|x86.Build.0 = Release|Win32
	EndGlobalSection
	GlobalSection(SolutionProperties) = preSolution
		HideSolutionNode = FALSE
	EndGlobalSection
	GlobalSection(ExtensibilityGlobals) = postSolution
		SolutionGuid = {45C80979-BCF6-4D39-BE4A-3DA733569D41}
	EndGlobalSection
EndGlobal
